// !$*UTF8*$!
{
	archiveVersion = 1;
	classes = {
	};
	objectVersion = 46;
	objects = {

/* Begin PBXBuildFile section */
		968C144219BC736DBB5223A1 /* libPods.a in Frameworks */ = {isa = PBXBuildFile; fileRef = DF661834F1CD2B485F547066 /* libPods.a */; };
		D93CD80C1BA8F633002786FE /* MLNetTool.m in Sources */ = {isa = PBXBuildFile; fileRef = D93CD80B1BA8F633002786FE /* MLNetTool.m */; };
		D93CD80F1BA90058002786FE /* MLHppleParser.m in Sources */ = {isa = PBXBuildFile; fileRef = D93CD80E1BA90058002786FE /* MLHppleParser.m */; };
		D93FDA181BA113CE00A175FF /* MLTabBarButton.m in Sources */ = {isa = PBXBuildFile; fileRef = D93FDA171BA113CE00A175FF /* MLTabBarButton.m */; };
		D98C331F1BA0429500E16A3D /* main.m in Sources */ = {isa = PBXBuildFile; fileRef = D98C331E1BA0429500E16A3D /* main.m */; };
		D98C332A1BA0429500E16A3D /* Images.xcassets in Resources */ = {isa = PBXBuildFile; fileRef = D98C33291BA0429500E16A3D /* Images.xcassets */; };
		D98C332D1BA0429500E16A3D /* LaunchScreen.xib in Resources */ = {isa = PBXBuildFile; fileRef = D98C332B1BA0429500E16A3D /* LaunchScreen.xib */; };
		D98C33391BA0429500E16A3D /* MyLilyTests.m in Sources */ = {isa = PBXBuildFile; fileRef = D98C33381BA0429500E16A3D /* MyLilyTests.m */; };
		D98C335A1BA046A500E16A3D /* AppDelegate.m in Sources */ = {isa = PBXBuildFile; fileRef = D98C33551BA046A500E16A3D /* AppDelegate.m */; };
		D98C335D1BA0724900E16A3D /* MLTabBarViewController.m in Sources */ = {isa = PBXBuildFile; fileRef = D98C335C1BA0724900E16A3D /* MLTabBarViewController.m */; };
		D98C33661BA0736000E16A3D /* MLMessageViewController.m in Sources */ = {isa = PBXBuildFile; fileRef = D98C33651BA0736000E16A3D /* MLMessageViewController.m */; };
		D98C33691BA073AF00E16A3D /* MLBoardsViewController.m in Sources */ = {isa = PBXBuildFile; fileRef = D98C33681BA073AF00E16A3D /* MLBoardsViewController.m */; };
		D98C336C1BA073D600E16A3D /* MLHotTopicsViewController.m in Sources */ = {isa = PBXBuildFile; fileRef = D98C336B1BA073D600E16A3D /* MLHotTopicsViewController.m */; };
		D98C336F1BA073F200E16A3D /* MLTop10ViewController.m in Sources */ = {isa = PBXBuildFile; fileRef = D98C336E1BA073F200E16A3D /* MLTop10ViewController.m */; };
		D98C33731BA07FF600E16A3D /* MLTabBar.m in Sources */ = {isa = PBXBuildFile; fileRef = D98C33721BA07FF600E16A3D /* MLTabBar.m */; };
		D98EF8451C0C9D5C00DF4B01 /* MLPostContentSegment.m in Sources */ = {isa = PBXBuildFile; fileRef = D98EF8441C0C9D5C00DF4B01 /* MLPostContentSegment.m */; };
		D990ADA81BAA924A00FA3A24 /* MLTop10Cell.m in Sources */ = {isa = PBXBuildFile; fileRef = D990ADA71BAA924A00FA3A24 /* MLTop10Cell.m */; };
		D9A5F5B91BFB3AAE00B3235B /* MLPostFrame.m in Sources */ = {isa = PBXBuildFile; fileRef = D9A5F5B81BFB3AAE00B3235B /* MLPostFrame.m */; };
		D9A5F5BC1BFB438100B3235B /* MLPostDetailFrame.m in Sources */ = {isa = PBXBuildFile; fileRef = D9A5F5BB1BFB438100B3235B /* MLPostDetailFrame.m */; };
		D9A5F5BF1BFB484000B3235B /* MLTopicDetailCell.m in Sources */ = {isa = PBXBuildFile; fileRef = D9A5F5BE1BFB484000B3235B /* MLTopicDetailCell.m */; };
		D9A5F5C21BFB4EAD00B3235B /* MLHotTopicCell.m in Sources */ = {isa = PBXBuildFile; fileRef = D9A5F5C11BFB4EAD00B3235B /* MLHotTopicCell.m */; };
		D9A5F5C51BFB502400B3235B /* MLHotTopicFrame.m in Sources */ = {isa = PBXBuildFile; fileRef = D9A5F5C41BFB502400B3235B /* MLHotTopicFrame.m */; };
		D9F1E8D61BA6A914002D89DF /* MLPost.m in Sources */ = {isa = PBXBuildFile; fileRef = D9F1E8D51BA6A914002D89DF /* MLPost.m */; };
		D9F1E8D91BA6A9BA002D89DF /* MLAuthor.m in Sources */ = {isa = PBXBuildFile; fileRef = D9F1E8D81BA6A9BA002D89DF /* MLAuthor.m */; };
		D9F1E8DC1BA6B745002D89DF /* MLTopicDetailViewController.m in Sources */ = {isa = PBXBuildFile; fileRef = D9F1E8DB1BA6B745002D89DF /* MLTopicDetailViewController.m */; };
		D9F1E8E21BA70686002D89DF /* topicDetail.html in Resources */ = {isa = PBXBuildFile; fileRef = D9F1E8E11BA70686002D89DF /* topicDetail.html */; };
/* End PBXBuildFile section */

/* Begin PBXContainerItemProxy section */
		D98C33331BA0429500E16A3D /* PBXContainerItemProxy */ = {
			isa = PBXContainerItemProxy;
			containerPortal = D98C33111BA0429400E16A3D /* Project object */;
			proxyType = 1;
			remoteGlobalIDString = D98C33181BA0429500E16A3D;
			remoteInfo = MyLily;
		};
/* End PBXContainerItemProxy section */

/* Begin PBXFileReference section */
		4BED943AABAB9657B465112E /* Pods.debug.xcconfig */ = {isa = PBXFileReference; includeInIndex = 1; lastKnownFileType = text.xcconfig; name = Pods.debug.xcconfig; path = "Pods/Target Support Files/Pods/Pods.debug.xcconfig"; sourceTree = "<group>"; };
		88D07BD0C0BCCAC027A609AC /* Pods.release.xcconfig */ = {isa = PBXFileReference; includeInIndex = 1; lastKnownFileType = text.xcconfig; name = Pods.release.xcconfig; path = "Pods/Target Support Files/Pods/Pods.release.xcconfig"; sourceTree = "<group>"; };
		D93CD80A1BA8F633002786FE /* MLNetTool.h */ = {isa = PBXFileReference; fileEncoding = 4; lastKnownFileType = sourcecode.c.h; path = MLNetTool.h; sourceTree = "<group>"; };
		D93CD80B1BA8F633002786FE /* MLNetTool.m */ = {isa = PBXFileReference; fileEncoding = 4; lastKnownFileType = sourcecode.c.objc; path = MLNetTool.m; sourceTree = "<group>"; };
		D93CD80D1BA90058002786FE /* MLHppleParser.h */ = {isa = PBXFileReference; fileEncoding = 4; lastKnownFileType = sourcecode.c.h; path = MLHppleParser.h; sourceTree = "<group>"; };
		D93CD80E1BA90058002786FE /* MLHppleParser.m */ = {isa = PBXFileReference; fileEncoding = 4; lastKnownFileType = sourcecode.c.objc; path = MLHppleParser.m; sourceTree = "<group>"; };
		D93FDA161BA113CE00A175FF /* MLTabBarButton.h */ = {isa = PBXFileReference; fileEncoding = 4; lastKnownFileType = sourcecode.c.h; path = MLTabBarButton.h; sourceTree = "<group>"; };
		D93FDA171BA113CE00A175FF /* MLTabBarButton.m */ = {isa = PBXFileReference; fileEncoding = 4; lastKnownFileType = sourcecode.c.objc; path = MLTabBarButton.m; sourceTree = "<group>"; };
		D98C33191BA0429500E16A3D /* MyLily.app */ = {isa = PBXFileReference; explicitFileType = wrapper.application; includeInIndex = 0; path = MyLily.app; sourceTree = BUILT_PRODUCTS_DIR; };
		D98C331D1BA0429500E16A3D /* Info.plist */ = {isa = PBXFileReference; lastKnownFileType = text.plist.xml; path = Info.plist; sourceTree = "<group>"; };
		D98C331E1BA0429500E16A3D /* main.m */ = {isa = PBXFileReference; lastKnownFileType = sourcecode.c.objc; path = main.m; sourceTree = "<group>"; };
		D98C33291BA0429500E16A3D /* Images.xcassets */ = {isa = PBXFileReference; lastKnownFileType = folder.assetcatalog; path = Images.xcassets; sourceTree = "<group>"; };
		D98C332C1BA0429500E16A3D /* Base */ = {isa = PBXFileReference; lastKnownFileType = file.xib; name = Base; path = Base.lproj/LaunchScreen.xib; sourceTree = "<group>"; };
		D98C33321BA0429500E16A3D /* MyLilyTests.xctest */ = {isa = PBXFileReference; explicitFileType = wrapper.cfbundle; includeInIndex = 0; path = MyLilyTests.xctest; sourceTree = BUILT_PRODUCTS_DIR; };
		D98C33371BA0429500E16A3D /* Info.plist */ = {isa = PBXFileReference; lastKnownFileType = text.plist.xml; path = Info.plist; sourceTree = "<group>"; };
		D98C33381BA0429500E16A3D /* MyLilyTests.m */ = {isa = PBXFileReference; lastKnownFileType = sourcecode.c.objc; path = MyLilyTests.m; sourceTree = "<group>"; };
		D98C33541BA046A500E16A3D /* AppDelegate.h */ = {isa = PBXFileReference; fileEncoding = 4; lastKnownFileType = sourcecode.c.h; path = AppDelegate.h; sourceTree = "<group>"; };
		D98C33551BA046A500E16A3D /* AppDelegate.m */ = {isa = PBXFileReference; fileEncoding = 4; lastKnownFileType = sourcecode.c.objc; path = AppDelegate.m; sourceTree = "<group>"; };
		D98C335B1BA0724900E16A3D /* MLTabBarViewController.h */ = {isa = PBXFileReference; fileEncoding = 4; lastKnownFileType = sourcecode.c.h; path = MLTabBarViewController.h; sourceTree = "<group>"; };
		D98C335C1BA0724900E16A3D /* MLTabBarViewController.m */ = {isa = PBXFileReference; fileEncoding = 4; lastKnownFileType = sourcecode.c.objc; path = MLTabBarViewController.m; sourceTree = "<group>"; };
		D98C33641BA0736000E16A3D /* MLMessageViewController.h */ = {isa = PBXFileReference; fileEncoding = 4; lastKnownFileType = sourcecode.c.h; path = MLMessageViewController.h; sourceTree = "<group>"; };
		D98C33651BA0736000E16A3D /* MLMessageViewController.m */ = {isa = PBXFileReference; fileEncoding = 4; lastKnownFileType = sourcecode.c.objc; path = MLMessageViewController.m; sourceTree = "<group>"; };
		D98C33671BA073AF00E16A3D /* MLBoardsViewController.h */ = {isa = PBXFileReference; fileEncoding = 4; lastKnownFileType = sourcecode.c.h; path = MLBoardsViewController.h; sourceTree = "<group>"; };
		D98C33681BA073AF00E16A3D /* MLBoardsViewController.m */ = {isa = PBXFileReference; fileEncoding = 4; lastKnownFileType = sourcecode.c.objc; path = MLBoardsViewController.m; sourceTree = "<group>"; };
		D98C336A1BA073D600E16A3D /* MLHotTopicsViewController.h */ = {isa = PBXFileReference; fileEncoding = 4; lastKnownFileType = sourcecode.c.h; path = MLHotTopicsViewController.h; sourceTree = "<group>"; };
		D98C336B1BA073D600E16A3D /* MLHotTopicsViewController.m */ = {isa = PBXFileReference; fileEncoding = 4; lastKnownFileType = sourcecode.c.objc; path = MLHotTopicsViewController.m; sourceTree = "<group>"; };
		D98C336D1BA073F200E16A3D /* MLTop10ViewController.h */ = {isa = PBXFileReference; fileEncoding = 4; lastKnownFileType = sourcecode.c.h; path = MLTop10ViewController.h; sourceTree = "<group>"; };
		D98C336E1BA073F200E16A3D /* MLTop10ViewController.m */ = {isa = PBXFileReference; fileEncoding = 4; lastKnownFileType = sourcecode.c.objc; path = MLTop10ViewController.m; sourceTree = "<group>"; };
		D98C33701BA07DB700E16A3D /* Common.h */ = {isa = PBXFileReference; lastKnownFileType = sourcecode.c.h; path = Common.h; sourceTree = "<group>"; };
		D98C33711BA07FF600E16A3D /* MLTabBar.h */ = {isa = PBXFileReference; fileEncoding = 4; lastKnownFileType = sourcecode.c.h; path = MLTabBar.h; sourceTree = "<group>"; };
		D98C33721BA07FF600E16A3D /* MLTabBar.m */ = {isa = PBXFileReference; fileEncoding = 4; lastKnownFileType = sourcecode.c.objc; path = MLTabBar.m; sourceTree = "<group>"; };
		D98EF8431C0C9D5C00DF4B01 /* MLPostContentSegment.h */ = {isa = PBXFileReference; fileEncoding = 4; lastKnownFileType = sourcecode.c.h; path = MLPostContentSegment.h; sourceTree = "<group>"; };
		D98EF8441C0C9D5C00DF4B01 /* MLPostContentSegment.m */ = {isa = PBXFileReference; fileEncoding = 4; lastKnownFileType = sourcecode.c.objc; path = MLPostContentSegment.m; sourceTree = "<group>"; };
		D990ADA61BAA924A00FA3A24 /* MLTop10Cell.h */ = {isa = PBXFileReference; fileEncoding = 4; lastKnownFileType = sourcecode.c.h; path = MLTop10Cell.h; sourceTree = "<group>"; };
		D990ADA71BAA924A00FA3A24 /* MLTop10Cell.m */ = {isa = PBXFileReference; fileEncoding = 4; lastKnownFileType = sourcecode.c.objc; path = MLTop10Cell.m; sourceTree = "<group>"; };
		D9A5F5B71BFB3AAE00B3235B /* MLPostFrame.h */ = {isa = PBXFileReference; fileEncoding = 4; lastKnownFileType = sourcecode.c.h; path = MLPostFrame.h; sourceTree = "<group>"; };
		D9A5F5B81BFB3AAE00B3235B /* MLPostFrame.m */ = {isa = PBXFileReference; fileEncoding = 4; lastKnownFileType = sourcecode.c.objc; path = MLPostFrame.m; sourceTree = "<group>"; };
		D9A5F5BA1BFB438100B3235B /* MLPostDetailFrame.h */ = {isa = PBXFileReference; fileEncoding = 4; lastKnownFileType = sourcecode.c.h; path = MLPostDetailFrame.h; sourceTree = "<group>"; };
		D9A5F5BB1BFB438100B3235B /* MLPostDetailFrame.m */ = {isa = PBXFileReference; fileEncoding = 4; lastKnownFileType = sourcecode.c.objc; path = MLPostDetailFrame.m; sourceTree = "<group>"; };
		D9A5F5BD1BFB484000B3235B /* MLTopicDetailCell.h */ = {isa = PBXFileReference; fileEncoding = 4; lastKnownFileType = sourcecode.c.h; path = MLTopicDetailCell.h; sourceTree = "<group>"; };
		D9A5F5BE1BFB484000B3235B /* MLTopicDetailCell.m */ = {isa = PBXFileReference; fileEncoding = 4; lastKnownFileType = sourcecode.c.objc; path = MLTopicDetailCell.m; sourceTree = "<group>"; };
		D9A5F5C01BFB4EAD00B3235B /* MLHotTopicCell.h */ = {isa = PBXFileReference; fileEncoding = 4; lastKnownFileType = sourcecode.c.h; path = MLHotTopicCell.h; sourceTree = "<group>"; };
		D9A5F5C11BFB4EAD00B3235B /* MLHotTopicCell.m */ = {isa = PBXFileReference; fileEncoding = 4; lastKnownFileType = sourcecode.c.objc; path = MLHotTopicCell.m; sourceTree = "<group>"; };
		D9A5F5C31BFB502400B3235B /* MLHotTopicFrame.h */ = {isa = PBXFileReference; fileEncoding = 4; lastKnownFileType = sourcecode.c.h; path = MLHotTopicFrame.h; sourceTree = "<group>"; };
		D9A5F5C41BFB502400B3235B /* MLHotTopicFrame.m */ = {isa = PBXFileReference; fileEncoding = 4; lastKnownFileType = sourcecode.c.objc; path = MLHotTopicFrame.m; sourceTree = "<group>"; };
		D9F1E8D41BA6A914002D89DF /* MLPost.h */ = {isa = PBXFileReference; fileEncoding = 4; lastKnownFileType = sourcecode.c.h; path = MLPost.h; sourceTree = "<group>"; };
		D9F1E8D51BA6A914002D89DF /* MLPost.m */ = {isa = PBXFileReference; fileEncoding = 4; lastKnownFileType = sourcecode.c.objc; path = MLPost.m; sourceTree = "<group>"; };
		D9F1E8D71BA6A9BA002D89DF /* MLAuthor.h */ = {isa = PBXFileReference; fileEncoding = 4; lastKnownFileType = sourcecode.c.h; path = MLAuthor.h; sourceTree = "<group>"; };
		D9F1E8D81BA6A9BA002D89DF /* MLAuthor.m */ = {isa = PBXFileReference; fileEncoding = 4; lastKnownFileType = sourcecode.c.objc; path = MLAuthor.m; sourceTree = "<group>"; };
		D9F1E8DA1BA6B745002D89DF /* MLTopicDetailViewController.h */ = {isa = PBXFileReference; fileEncoding = 4; lastKnownFileType = sourcecode.c.h; path = MLTopicDetailViewController.h; sourceTree = "<group>"; };
		D9F1E8DB1BA6B745002D89DF /* MLTopicDetailViewController.m */ = {isa = PBXFileReference; fileEncoding = 4; lastKnownFileType = sourcecode.c.objc; path = MLTopicDetailViewController.m; sourceTree = "<group>"; };
		D9F1E8E11BA70686002D89DF /* topicDetail.html */ = {isa = PBXFileReference; fileEncoding = 4; lastKnownFileType = text.html; path = topicDetail.html; sourceTree = "<group>"; };
		DF661834F1CD2B485F547066 /* libPods.a */ = {isa = PBXFileReference; explicitFileType = archive.ar; includeInIndex = 0; path = libPods.a; sourceTree = BUILT_PRODUCTS_DIR; };
/* End PBXFileReference section */

/* Begin PBXFrameworksBuildPhase section */
		D98C33161BA0429500E16A3D /* Frameworks */ = {
			isa = PBXFrameworksBuildPhase;
			buildActionMask = 2147483647;
			files = (
				968C144219BC736DBB5223A1 /* libPods.a in Frameworks */,
			);
			runOnlyForDeploymentPostprocessing = 0;
		};
		D98C332F1BA0429500E16A3D /* Frameworks */ = {
			isa = PBXFrameworksBuildPhase;
			buildActionMask = 2147483647;
			files = (
			);
			runOnlyForDeploymentPostprocessing = 0;
		};
/* End PBXFrameworksBuildPhase section */

/* Begin PBXGroup section */
		9257A3394B6F5BBA34F493CF /* Frameworks */ = {
			isa = PBXGroup;
			children = (
				DF661834F1CD2B485F547066 /* libPods.a */,
			);
			name = Frameworks;
			sourceTree = "<group>";
		};
		BA534CD6A3AC2C30A24408E1 /* Pods */ = {
			isa = PBXGroup;
			children = (
				4BED943AABAB9657B465112E /* Pods.debug.xcconfig */,
				88D07BD0C0BCCAC027A609AC /* Pods.release.xcconfig */,
			);
			name = Pods;
			sourceTree = "<group>";
		};
		D98C33101BA0429400E16A3D = {
			isa = PBXGroup;
			children = (
				D98C331B1BA0429500E16A3D /* MyLily */,
				D98C33351BA0429500E16A3D /* MyLilyTests */,
				D98C331A1BA0429500E16A3D /* Products */,
				BA534CD6A3AC2C30A24408E1 /* Pods */,
				9257A3394B6F5BBA34F493CF /* Frameworks */,
			);
			sourceTree = "<group>";
		};
		D98C331A1BA0429500E16A3D /* Products */ = {
			isa = PBXGroup;
			children = (
				D98C33191BA0429500E16A3D /* MyLily.app */,
				D98C33321BA0429500E16A3D /* MyLilyTests.xctest */,
			);
			name = Products;
			sourceTree = "<group>";
		};
		D98C331B1BA0429500E16A3D /* MyLily */ = {
			isa = PBXGroup;
			children = (
				D98C33421BA046A500E16A3D /* Classes */,
				D98C33291BA0429500E16A3D /* Images.xcassets */,
				D98C332B1BA0429500E16A3D /* LaunchScreen.xib */,
				D98C331C1BA0429500E16A3D /* Supporting Files */,
			);
			path = MyLily;
			sourceTree = "<group>";
		};
		D98C331C1BA0429500E16A3D /* Supporting Files */ = {
			isa = PBXGroup;
			children = (
				D98C331D1BA0429500E16A3D /* Info.plist */,
				D98C331E1BA0429500E16A3D /* main.m */,
			);
			name = "Supporting Files";
			sourceTree = "<group>";
		};
		D98C33351BA0429500E16A3D /* MyLilyTests */ = {
			isa = PBXGroup;
			children = (
				D98C33381BA0429500E16A3D /* MyLilyTests.m */,
				D98C33361BA0429500E16A3D /* Supporting Files */,
			);
			path = MyLilyTests;
			sourceTree = "<group>";
		};
		D98C33361BA0429500E16A3D /* Supporting Files */ = {
			isa = PBXGroup;
			children = (
				D98C33371BA0429500E16A3D /* Info.plist */,
			);
			name = "Supporting Files";
			sourceTree = "<group>";
		};
		D98C33421BA046A500E16A3D /* Classes */ = {
			isa = PBXGroup;
			children = (
				D98C33431BA046A500E16A3D /* Boards */,
				D98C33471BA046A500E16A3D /* HotTopics */,
				D98C334B1BA046A500E16A3D /* Mail */,
				D98C334F1BA046A500E16A3D /* Main */,
				D98C33561BA046A500E16A3D /* Top10 */,
				D98C33531BA046A500E16A3D /* Other */,
			);
			path = Classes;
			sourceTree = "<group>";
		};
		D98C33431BA046A500E16A3D /* Boards */ = {
			isa = PBXGroup;
			children = (
				D98C33441BA046A500E16A3D /* Controller */,
				D98C33451BA046A500E16A3D /* Model */,
				D98C33461BA046A500E16A3D /* View */,
			);
			path = Boards;
			sourceTree = "<group>";
		};
		D98C33441BA046A500E16A3D /* Controller */ = {
			isa = PBXGroup;
			children = (
				D98C33671BA073AF00E16A3D /* MLBoardsViewController.h */,
				D98C33681BA073AF00E16A3D /* MLBoardsViewController.m */,
			);
			path = Controller;
			sourceTree = "<group>";
		};
		D98C33451BA046A500E16A3D /* Model */ = {
			isa = PBXGroup;
			children = (
			);
			path = Model;
			sourceTree = "<group>";
		};
		D98C33461BA046A500E16A3D /* View */ = {
			isa = PBXGroup;
			children = (
			);
			path = View;
			sourceTree = "<group>";
		};
		D98C33471BA046A500E16A3D /* HotTopics */ = {
			isa = PBXGroup;
			children = (
				D98C33481BA046A500E16A3D /* Controller */,
				D98C33491BA046A500E16A3D /* Model */,
				D98C334A1BA046A500E16A3D /* View */,
			);
			path = HotTopics;
			sourceTree = "<group>";
		};
		D98C33481BA046A500E16A3D /* Controller */ = {
			isa = PBXGroup;
			children = (
				D98C336A1BA073D600E16A3D /* MLHotTopicsViewController.h */,
				D98C336B1BA073D600E16A3D /* MLHotTopicsViewController.m */,
			);
			path = Controller;
			sourceTree = "<group>";
		};
		D98C33491BA046A500E16A3D /* Model */ = {
			isa = PBXGroup;
			children = (
				D9A5F5C31BFB502400B3235B /* MLHotTopicFrame.h */,
				D9A5F5C41BFB502400B3235B /* MLHotTopicFrame.m */,
			);
			path = Model;
			sourceTree = "<group>";
		};
		D98C334A1BA046A500E16A3D /* View */ = {
			isa = PBXGroup;
			children = (
				D9A5F5C01BFB4EAD00B3235B /* MLHotTopicCell.h */,
				D9A5F5C11BFB4EAD00B3235B /* MLHotTopicCell.m */,
			);
			path = View;
			sourceTree = "<group>";
		};
		D98C334B1BA046A500E16A3D /* Mail */ = {
			isa = PBXGroup;
			children = (
				D98C334C1BA046A500E16A3D /* Controller */,
				D98C334D1BA046A500E16A3D /* Model */,
				D98C334E1BA046A500E16A3D /* View */,
			);
			path = Mail;
			sourceTree = "<group>";
		};
		D98C334C1BA046A500E16A3D /* Controller */ = {
			isa = PBXGroup;
			children = (
				D98C33641BA0736000E16A3D /* MLMessageViewController.h */,
				D98C33651BA0736000E16A3D /* MLMessageViewController.m */,
			);
			path = Controller;
			sourceTree = "<group>";
		};
		D98C334D1BA046A500E16A3D /* Model */ = {
			isa = PBXGroup;
			children = (
			);
			path = Model;
			sourceTree = "<group>";
		};
		D98C334E1BA046A500E16A3D /* View */ = {
			isa = PBXGroup;
			children = (
			);
			path = View;
			sourceTree = "<group>";
		};
		D98C334F1BA046A500E16A3D /* Main */ = {
			isa = PBXGroup;
			children = (
				D98C33501BA046A500E16A3D /* Controller */,
				D98C33511BA046A500E16A3D /* Model */,
				D98C33521BA046A500E16A3D /* View */,
			);
			path = Main;
			sourceTree = "<group>";
		};
		D98C33501BA046A500E16A3D /* Controller */ = {
			isa = PBXGroup;
			children = (
				D98C335B1BA0724900E16A3D /* MLTabBarViewController.h */,
				D98C335C1BA0724900E16A3D /* MLTabBarViewController.m */,
			);
			path = Controller;
			sourceTree = "<group>";
		};
		D98C33511BA046A500E16A3D /* Model */ = {
			isa = PBXGroup;
			children = (
			);
			path = Model;
			sourceTree = "<group>";
		};
		D98C33521BA046A500E16A3D /* View */ = {
			isa = PBXGroup;
			children = (
				D98C33711BA07FF600E16A3D /* MLTabBar.h */,
				D98C33721BA07FF600E16A3D /* MLTabBar.m */,
				D93FDA161BA113CE00A175FF /* MLTabBarButton.h */,
				D93FDA171BA113CE00A175FF /* MLTabBarButton.m */,
			);
			path = View;
			sourceTree = "<group>";
		};
		D98C33531BA046A500E16A3D /* Other */ = {
			isa = PBXGroup;
			children = (
				D9F1E8E01BA70686002D89DF /* Resources */,
				D98C33541BA046A500E16A3D /* AppDelegate.h */,
				D98C33551BA046A500E16A3D /* AppDelegate.m */,
				D98C33701BA07DB700E16A3D /* Common.h */,
				D93CD80A1BA8F633002786FE /* MLNetTool.h */,
				D93CD80B1BA8F633002786FE /* MLNetTool.m */,
			);
			path = Other;
			sourceTree = "<group>";
		};
		D98C33561BA046A500E16A3D /* Top10 */ = {
			isa = PBXGroup;
			children = (
				D98C33571BA046A500E16A3D /* Controller */,
				D98C33581BA046A500E16A3D /* Model */,
				D98C33591BA046A500E16A3D /* View */,
			);
			path = Top10;
			sourceTree = "<group>";
		};
		D98C33571BA046A500E16A3D /* Controller */ = {
			isa = PBXGroup;
			children = (
				D98C336D1BA073F200E16A3D /* MLTop10ViewController.h */,
				D98C336E1BA073F200E16A3D /* MLTop10ViewController.m */,
				D9F1E8DA1BA6B745002D89DF /* MLTopicDetailViewController.h */,
				D9F1E8DB1BA6B745002D89DF /* MLTopicDetailViewController.m */,
			);
			path = Controller;
			sourceTree = "<group>";
		};
		D98C33581BA046A500E16A3D /* Model */ = {
			isa = PBXGroup;
			children = (
				D9F1E8D41BA6A914002D89DF /* MLPost.h */,
				D9F1E8D51BA6A914002D89DF /* MLPost.m */,
				D9F1E8D71BA6A9BA002D89DF /* MLAuthor.h */,
				D9F1E8D81BA6A9BA002D89DF /* MLAuthor.m */,
				D93CD80D1BA90058002786FE /* MLHppleParser.h */,
				D93CD80E1BA90058002786FE /* MLHppleParser.m */,
				D9A5F5B71BFB3AAE00B3235B /* MLPostFrame.h */,
				D9A5F5B81BFB3AAE00B3235B /* MLPostFrame.m */,
				D9A5F5BA1BFB438100B3235B /* MLPostDetailFrame.h */,
				D9A5F5BB1BFB438100B3235B /* MLPostDetailFrame.m */,
				D98EF8431C0C9D5C00DF4B01 /* MLPostContentSegment.h */,
				D98EF8441C0C9D5C00DF4B01 /* MLPostContentSegment.m */,
			);
			path = Model;
			sourceTree = "<group>";
		};
		D98C33591BA046A500E16A3D /* View */ = {
			isa = PBXGroup;
			children = (
				D990ADA61BAA924A00FA3A24 /* MLTop10Cell.h */,
				D990ADA71BAA924A00FA3A24 /* MLTop10Cell.m */,
				D9A5F5BD1BFB484000B3235B /* MLTopicDetailCell.h */,
				D9A5F5BE1BFB484000B3235B /* MLTopicDetailCell.m */,
			);
			path = View;
			sourceTree = "<group>";
		};
		D9F1E8E01BA70686002D89DF /* Resources */ = {
			isa = PBXGroup;
			children = (
				D9F1E8E11BA70686002D89DF /* topicDetail.html */,
			);
			path = Resources;
			sourceTree = "<group>";
		};
/* End PBXGroup section */

/* Begin PBXNativeTarget section */
		D98C33181BA0429500E16A3D /* MyLily */ = {
			isa = PBXNativeTarget;
			buildConfigurationList = D98C333C1BA0429500E16A3D /* Build configuration list for PBXNativeTarget "MyLily" */;
			buildPhases = (
				7F27692EC20F453E6E6E05B1 /* Check Pods Manifest.lock */,
				D98C33151BA0429500E16A3D /* Sources */,
				D98C33161BA0429500E16A3D /* Frameworks */,
				D98C33171BA0429500E16A3D /* Resources */,
				7A109CD41EEE96F50E80FE8A /* Copy Pods Resources */,
				2A5AAB9C103C5CDC5BE511CF /* Embed Pods Frameworks */,
			);
			buildRules = (
			);
			dependencies = (
			);
			name = MyLily;
			productName = MyLily;
			productReference = D98C33191BA0429500E16A3D /* MyLily.app */;
			productType = "com.apple.product-type.application";
		};
		D98C33311BA0429500E16A3D /* MyLilyTests */ = {
			isa = PBXNativeTarget;
			buildConfigurationList = D98C333F1BA0429500E16A3D /* Build configuration list for PBXNativeTarget "MyLilyTests" */;
			buildPhases = (
				D98C332E1BA0429500E16A3D /* Sources */,
				D98C332F1BA0429500E16A3D /* Frameworks */,
				D98C33301BA0429500E16A3D /* Resources */,
			);
			buildRules = (
			);
			dependencies = (
				D98C33341BA0429500E16A3D /* PBXTargetDependency */,
			);
			name = MyLilyTests;
			productName = MyLilyTests;
			productReference = D98C33321BA0429500E16A3D /* MyLilyTests.xctest */;
			productType = "com.apple.product-type.bundle.unit-test";
		};
/* End PBXNativeTarget section */

/* Begin PBXProject section */
		D98C33111BA0429400E16A3D /* Project object */ = {
			isa = PBXProject;
			attributes = {
				CLASSPREFIX = ML;
				LastUpgradeCheck = 0640;
				ORGANIZATIONNAME = rgc;
				TargetAttributes = {
					D98C33181BA0429500E16A3D = {
						CreatedOnToolsVersion = 6.4;
					};
					D98C33311BA0429500E16A3D = {
						CreatedOnToolsVersion = 6.4;
						TestTargetID = D98C33181BA0429500E16A3D;
					};
				};
			};
			buildConfigurationList = D98C33141BA0429400E16A3D /* Build configuration list for PBXProject "MyLily" */;
			compatibilityVersion = "Xcode 3.2";
			developmentRegion = English;
			hasScannedForEncodings = 0;
			knownRegions = (
				en,
				Base,
			);
			mainGroup = D98C33101BA0429400E16A3D;
			productRefGroup = D98C331A1BA0429500E16A3D /* Products */;
			projectDirPath = "";
			projectRoot = "";
			targets = (
				D98C33181BA0429500E16A3D /* MyLily */,
				D98C33311BA0429500E16A3D /* MyLilyTests */,
			);
		};
/* End PBXProject section */

/* Begin PBXResourcesBuildPhase section */
		D98C33171BA0429500E16A3D /* Resources */ = {
			isa = PBXResourcesBuildPhase;
			buildActionMask = 2147483647;
			files = (
				D98C332D1BA0429500E16A3D /* LaunchScreen.xib in Resources */,
				D98C332A1BA0429500E16A3D /* Images.xcassets in Resources */,
				D9F1E8E21BA70686002D89DF /* topicDetail.html in Resources */,
			);
			runOnlyForDeploymentPostprocessing = 0;
		};
		D98C33301BA0429500E16A3D /* Resources */ = {
			isa = PBXResourcesBuildPhase;
			buildActionMask = 2147483647;
			files = (
			);
			runOnlyForDeploymentPostprocessing = 0;
		};
/* End PBXResourcesBuildPhase section */

/* Begin PBXShellScriptBuildPhase section */
		2A5AAB9C103C5CDC5BE511CF /* Embed Pods Frameworks */ = {
			isa = PBXShellScriptBuildPhase;
			buildActionMask = 2147483647;
			files = (
			);
			inputPaths = (
			);
			name = "Embed Pods Frameworks";
			outputPaths = (
			);
			runOnlyForDeploymentPostprocessing = 0;
			shellPath = /bin/sh;
			shellScript = "\"${SRCROOT}/Pods/Target Support Files/Pods/Pods-frameworks.sh\"\n";
			showEnvVarsInLog = 0;
		};
		7A109CD41EEE96F50E80FE8A /* Copy Pods Resources */ = {
			isa = PBXShellScriptBuildPhase;
			buildActionMask = 2147483647;
			files = (
			);
			inputPaths = (
			);
			name = "Copy Pods Resources";
			outputPaths = (
			);
			runOnlyForDeploymentPostprocessing = 0;
			shellPath = /bin/sh;
			shellScript = "\"${SRCROOT}/Pods/Target Support Files/Pods/Pods-resources.sh\"\n";
			showEnvVarsInLog = 0;
		};
		7F27692EC20F453E6E6E05B1 /* Check Pods Manifest.lock */ = {
			isa = PBXShellScriptBuildPhase;
			buildActionMask = 2147483647;
			files = (
			);
			inputPaths = (
			);
			name = "Check Pods Manifest.lock";
			outputPaths = (
			);
			runOnlyForDeploymentPostprocessing = 0;
			shellPath = /bin/sh;
			shellScript = "diff \"${PODS_ROOT}/../Podfile.lock\" \"${PODS_ROOT}/Manifest.lock\" > /dev/null\nif [[ $? != 0 ]] ; then\n    cat << EOM\nerror: The sandbox is not in sync with the Podfile.lock. Run 'pod install' or update your CocoaPods installation.\nEOM\n    exit 1\nfi\n";
			showEnvVarsInLog = 0;
		};
/* End PBXShellScriptBuildPhase section */

/* Begin PBXSourcesBuildPhase section */
		D98C33151BA0429500E16A3D /* Sources */ = {
			isa = PBXSourcesBuildPhase;
			buildActionMask = 2147483647;
			files = (
				D9A5F5C51BFB502400B3235B /* MLHotTopicFrame.m in Sources */,
				D93FDA181BA113CE00A175FF /* MLTabBarButton.m in Sources */,
				D98C33661BA0736000E16A3D /* MLMessageViewController.m in Sources */,
				D9A5F5C21BFB4EAD00B3235B /* MLHotTopicCell.m in Sources */,
				D98C336C1BA073D600E16A3D /* MLHotTopicsViewController.m in Sources */,
				D9A5F5B91BFB3AAE00B3235B /* MLPostFrame.m in Sources */,
				D93CD80C1BA8F633002786FE /* MLNetTool.m in Sources */,
				D990ADA81BAA924A00FA3A24 /* MLTop10Cell.m in Sources */,
				D93CD80F1BA90058002786FE /* MLHppleParser.m in Sources */,
				D9A5F5BF1BFB484000B3235B /* MLTopicDetailCell.m in Sources */,
				D98C33731BA07FF600E16A3D /* MLTabBar.m in Sources */,
				D9F1E8D61BA6A914002D89DF /* MLPost.m in Sources */,
				D98EF8451C0C9D5C00DF4B01 /* MLPostContentSegment.m in Sources */,
				D98C331F1BA0429500E16A3D /* main.m in Sources */,
				D98C335A1BA046A500E16A3D /* AppDelegate.m in Sources */,
				D98C335D1BA0724900E16A3D /* MLTabBarViewController.m in Sources */,
				D9F1E8DC1BA6B745002D89DF /* MLTopicDetailViewController.m in Sources */,
				D98C33691BA073AF00E16A3D /* MLBoardsViewController.m in Sources */,
				D9A5F5BC1BFB438100B3235B /* MLPostDetailFrame.m in Sources */,
				D9F1E8D91BA6A9BA002D89DF /* MLAuthor.m in Sources */,
				D98C336F1BA073F200E16A3D /* MLTop10ViewController.m in Sources */,
			);
			runOnlyForDeploymentPostprocessing = 0;
		};
		D98C332E1BA0429500E16A3D /* Sources */ = {
			isa = PBXSourcesBuildPhase;
			buildActionMask = 2147483647;
			files = (
				D98C33391BA0429500E16A3D /* MyLilyTests.m in Sources */,
			);
			runOnlyForDeploymentPostprocessing = 0;
		};
/* End PBXSourcesBuildPhase section */

/* Begin PBXTargetDependency section */
		D98C33341BA0429500E16A3D /* PBXTargetDependency */ = {
			isa = PBXTargetDependency;
			target = D98C33181BA0429500E16A3D /* MyLily */;
			targetProxy = D98C33331BA0429500E16A3D /* PBXContainerItemProxy */;
		};
/* End PBXTargetDependency section */

/* Begin PBXVariantGroup section */
		D98C332B1BA0429500E16A3D /* LaunchScreen.xib */ = {
			isa = PBXVariantGroup;
			children = (
				D98C332C1BA0429500E16A3D /* Base */,
			);
			name = LaunchScreen.xib;
			sourceTree = "<group>";
		};
/* End PBXVariantGroup section */

/* Begin XCBuildConfiguration section */
		D98C333A1BA0429500E16A3D /* Debug */ = {
			isa = XCBuildConfiguration;
			buildSettings = {
				ALWAYS_SEARCH_USER_PATHS = NO;
				CLANG_CXX_LANGUAGE_STANDARD = "gnu++0x";
				CLANG_CXX_LIBRARY = "libc++";
				CLANG_ENABLE_MODULES = YES;
				CLANG_ENABLE_OBJC_ARC = YES;
				CLANG_WARN_BOOL_CONVERSION = YES;
				CLANG_WARN_CONSTANT_CONVERSION = YES;
				CLANG_WARN_DIRECT_OBJC_ISA_USAGE = YES_ERROR;
				CLANG_WARN_EMPTY_BODY = YES;
				CLANG_WARN_ENUM_CONVERSION = YES;
				CLANG_WARN_INT_CONVERSION = YES;
				CLANG_WARN_OBJC_ROOT_CLASS = YES_ERROR;
				CLANG_WARN_UNREACHABLE_CODE = YES;
				CLANG_WARN__DUPLICATE_METHOD_MATCH = YES;
				"CODE_SIGN_IDENTITY[sdk=iphoneos*]" = "iPhone Developer";
				COPY_PHASE_STRIP = NO;
				DEBUG_INFORMATION_FORMAT = "dwarf-with-dsym";
				ENABLE_STRICT_OBJC_MSGSEND = YES;
				GCC_C_LANGUAGE_STANDARD = gnu99;
				GCC_DYNAMIC_NO_PIC = NO;
				GCC_NO_COMMON_BLOCKS = YES;
				GCC_OPTIMIZATION_LEVEL = 0;
				GCC_PREPROCESSOR_DEFINITIONS = (
					"DEBUG=1",
					"$(inherited)",
				);
				GCC_SYMBOLS_PRIVATE_EXTERN = NO;
				GCC_WARN_64_TO_32_BIT_CONVERSION = YES;
				GCC_WARN_ABOUT_RETURN_TYPE = YES_ERROR;
				GCC_WARN_UNDECLARED_SELECTOR = YES;
				GCC_WARN_UNINITIALIZED_AUTOS = YES_AGGRESSIVE;
				GCC_WARN_UNUSED_FUNCTION = YES;
				GCC_WARN_UNUSED_VARIABLE = YES;
				IPHONEOS_DEPLOYMENT_TARGET = 8.4;
				MTL_ENABLE_DEBUG_INFO = YES;
				ONLY_ACTIVE_ARCH = YES;
				SDKROOT = iphoneos;
			};
			name = Debug;
		};
		D98C333B1BA0429500E16A3D /* Release */ = {
			isa = XCBuildConfiguration;
			buildSettings = {
				ALWAYS_SEARCH_USER_PATHS = NO;
				CLANG_CXX_LANGUAGE_STANDARD = "gnu++0x";
				CLANG_CXX_LIBRARY = "libc++";
				CLANG_ENABLE_MODULES = YES;
				CLANG_ENABLE_OBJC_ARC = YES;
				CLANG_WARN_BOOL_CONVERSION = YES;
				CLANG_WARN_CONSTANT_CONVERSION = YES;
				CLANG_WARN_DIRECT_OBJC_ISA_USAGE = YES_ERROR;
				CLANG_WARN_EMPTY_BODY = YES;
				CLANG_WARN_ENUM_CONVERSION = YES;
				CLANG_WARN_INT_CONVERSION = YES;
				CLANG_WARN_OBJC_ROOT_CLASS = YES_ERROR;
				CLANG_WARN_UNREACHABLE_CODE = YES;
				CLANG_WARN__DUPLICATE_METHOD_MATCH = YES;
				"CODE_SIGN_IDENTITY[sdk=iphoneos*]" = "iPhone Developer";
				COPY_PHASE_STRIP = NO;
				DEBUG_INFORMATION_FORMAT = "dwarf-with-dsym";
				ENABLE_NS_ASSERTIONS = NO;
				ENABLE_STRICT_OBJC_MSGSEND = YES;
				GCC_C_LANGUAGE_STANDARD = gnu99;
				GCC_NO_COMMON_BLOCKS = YES;
				GCC_WARN_64_TO_32_BIT_CONVERSION = YES;
				GCC_WARN_ABOUT_RETURN_TYPE = YES_ERROR;
				GCC_WARN_UNDECLARED_SELECTOR = YES;
				GCC_WARN_UNINITIALIZED_AUTOS = YES_AGGRESSIVE;
				GCC_WARN_UNUSED_FUNCTION = YES;
				GCC_WARN_UNUSED_VARIABLE = YES;
				IPHONEOS_DEPLOYMENT_TARGET = 8.4;
				MTL_ENABLE_DEBUG_INFO = NO;
				SDKROOT = iphoneos;
				VALIDATE_PRODUCT = YES;
			};
			name = Release;
		};
		D98C333D1BA0429500E16A3D /* Debug */ = {
			isa = XCBuildConfiguration;
			baseConfigurationReference = 4BED943AABAB9657B465112E /* Pods.debug.xcconfig */;
			buildSettings = {
				ASSETCATALOG_COMPILER_APPICON_NAME = AppIcon;
				INFOPLIST_FILE = MyLily/Info.plist;
				LD_RUNPATH_SEARCH_PATHS = "$(inherited) @executable_path/Frameworks";
				PRODUCT_NAME = "$(TARGET_NAME)";
			};
			name = Debug;
		};
		D98C333E1BA0429500E16A3D /* Release */ = {
			isa = XCBuildConfiguration;
			baseConfigurationReference = 88D07BD0C0BCCAC027A609AC /* Pods.release.xcconfig */;
			buildSettings = {
				ASSETCATALOG_COMPILER_APPICON_NAME = AppIcon;
				INFOPLIST_FILE = MyLily/Info.plist;
				LD_RUNPATH_SEARCH_PATHS = "$(inherited) @executable_path/Frameworks";
				PRODUCT_NAME = "$(TARGET_NAME)";
			};
			name = Release;
		};
		D98C33401BA0429500E16A3D /* Debug */ = {
			isa = XCBuildConfiguration;
			buildSettings = {
				BUNDLE_LOADER = "$(TEST_HOST)";
				FRAMEWORK_SEARCH_PATHS = (
					"$(SDKROOT)/Developer/Library/Frameworks",
					"$(inherited)",
				);
				GCC_PREPROCESSOR_DEFINITIONS = (
					"DEBUG=1",
					"$(inherited)",
				);
				INFOPLIST_FILE = MyLilyTests/Info.plist;
				LD_RUNPATH_SEARCH_PATHS = "$(inherited) @executable_path/Frameworks @loader_path/Frameworks";
				PRODUCT_NAME = "$(TARGET_NAME)";
				TEST_HOST = "$(BUILT_PRODUCTS_DIR)/MyLily.app/MyLily";
			};
			name = Debug;
		};
		D98C33411BA0429500E16A3D /* Release */ = {
			isa = XCBuildConfiguration;
			buildSettings = {
				BUNDLE_LOADER = "$(TEST_HOST)";
				FRAMEWORK_SEARCH_PATHS = (
					"$(SDKROOT)/Developer/Library/Frameworks",
					"$(inherited)",
				);
				INFOPLIST_FILE = MyLilyTests/Info.plist;
				LD_RUNPATH_SEARCH_PATHS = "$(inherited) @executable_path/Frameworks @loader_path/Frameworks";
				PRODUCT_NAME = "$(TARGET_NAME)";
				TEST_HOST = "$(BUILT_PRODUCTS_DIR)/MyLily.app/MyLily";
			};
			name = Release;
		};
/* End XCBuildConfiguration section */

/* Begin XCConfigurationList section */
		D98C33141BA0429400E16A3D /* Build configuration list for PBXProject "MyLily" */ = {
			isa = XCConfigurationList;
			buildConfigurations = (
				D98C333A1BA0429500E16A3D /* Debug */,
				D98C333B1BA0429500E16A3D /* Release */,
			);
			defaultConfigurationIsVisible = 0;
			defaultConfigurationName = Release;
		};
		D98C333C1BA0429500E16A3D /* Build configuration list for PBXNativeTarget "MyLily" */ = {
			isa = XCConfigurationList;
			buildConfigurations = (
				D98C333D1BA0429500E16A3D /* Debug */,
				D98C333E1BA0429500E16A3D /* Release */,
			);
			defaultConfigurationIsVisible = 0;
			defaultConfigurationName = Release;
		};
		D98C333F1BA0429500E16A3D /* Build configuration list for PBXNativeTarget "MyLilyTests" */ = {
			isa = XCConfigurationList;
			buildConfigurations = (
				D98C33401BA0429500E16A3D /* Debug */,
				D98C33411BA0429500E16A3D /* Release */,
			);
			defaultConfigurationIsVisible = 0;
			defaultConfigurationName = Release;
		};
/* End XCConfigurationList section */
	};
	rootObject = D98C33111BA0429400E16A3D /* Project object */;
}
